
Microsoft Visual Studio Solution File, Format Version 12.00
# Visual Studio Version 17
VisualStudioVersion = 17.6.33815.320
MinimumVisualStudioVersion = 10.0.40219.1
Project("{9A19103F-16F7-4668-BE54-9A1E7A4F7556}") = "Songerr.Application", "Songerr.Application\Songerr.Application.csproj", "{2D0922AB-EA51-4EFE-8C30-17A8868ACB3C}"
EndProject
Project("{FAE04EC0-301F-11D3-BF4B-00C04F79EFBC}") = "Songerr.Domain", "Songerr.Domain\Songerr.Domain.csproj", "{07456971-E32B-4261-86EB-CC91901412D5}"
EndProject
Project("{FAE04EC0-301F-11D3-BF4B-00C04F79EFBC}") = "Songerr.Infrastructure", "Songerr.Infrastructure\Songerr.Infrastructure.csproj", "{897C86C2-2140-4C43-8C51-E34EFDFF762C}"
EndProject
Project("{FAE04EC0-301F-11D3-BF4B-00C04F79EFBC}") = "Songerr.Tests", "Songerr.Tests\Songerr.Tests.csproj", "{C9DA5346-7A28-47E6-91B8-6BF408942ADE}"
EndProject
Global
	GlobalSection(SolutionConfigurationPlatforms) = preSolution
		Debug|Any CPU = Debug|Any CPU
		Release|Any CPU = Release|Any CPU
	EndGlobalSection
	GlobalSection(ProjectConfigurationPlatforms) = postSolution
		{2D0922AB-EA51-4EFE-8C30-17A8868ACB3C}.Debug|Any CPU.ActiveCfg = Debug|Any CPU
		{2D0922AB-EA51-4EFE-8C30-17A8868ACB3C}.Debug|Any CPU.Build.0 = Debug|Any CPU
		{2D0922AB-EA51-4EFE-8C30-17A8868ACB3C}.Release|Any CPU.ActiveCfg = Release|Any CPU
		{2D0922AB-EA51-4EFE-8C30-17A8868ACB3C}.Release|Any CPU.Build.0 = Release|Any CPU
		{07456971-E32B-4261-86EB-CC91901412D5}.Debug|Any CPU.ActiveCfg = Debug|Any CPU
		{07456971-E32B-4261-86EB-CC91901412D5}.Debug|Any CPU.Build.0 = Debug|Any CPU
		{07456971-E32B-4261-86EB-CC91901412D5}.Release|Any CPU.ActiveCfg = Release|Any CPU
		{07456971-E32B-4261-86EB-CC91901412D5}.Release|Any CPU.Build.0 = Release|Any CPU
		{897C86C2-2140-4C43-8C51-E34EFDFF762C}.Debug|Any CPU.ActiveCfg = Debug|Any CPU
		{897C86C2-2140-4C43-8C51-E34EFDFF762C}.Debug|Any CPU.Build.0 = Debug|Any CPU
		{897C86C2-2140-4C43-8C51-E34EFDFF762C}.Release|Any CPU.ActiveCfg = Release|Any CPU
		{897C86C2-2140-4C43-8C51-E34EFDFF762C}.Release|Any CPU.Build.0 = Release|Any CPU
		{C9DA5346-7A28-47E6-91B8-6BF408942ADE}.Debug|Any CPU.ActiveCfg = Debug|Any CPU
		{C9DA5346-7A28-47E6-91B8-6BF408942ADE}.Debug|Any CPU.Build.0 = Debug|Any CPU
		{C9DA5346-7A28-47E6-91B8-6BF408942ADE}.Release|Any CPU.ActiveCfg = Release|Any CPU
		{C9DA5346-7A28-47E6-91B8-6BF408942ADE}.Release|Any CPU.Build.0 = Release|Any CPU
	EndGlobalSection
	GlobalSection(SolutionProperties) = preSolution
		HideSolutionNode = FALSE
	EndGlobalSection
	GlobalSection(ExtensibilityGlobals) = postSolution
		SolutionGuid = {4843F8E7-3594-4AFA-A4F7-FEF595873331}
	EndGlobalSection
EndGlobal
